
Microsoft Visual Studio Solution File, Format Version 12.00
# Visual Studio Version 17
VisualStudioVersion = 17.0.32112.339
MinimumVisualStudioVersion = 10.0.40219.1
Project("{8BC9CEB8-8B4A-11D0-8D11-00A0C91BC942}") = "nccl.11.6", "nccl.11.6.vcxproj", "{04E6B3CF-D1AA-47A9-9503-2BE6275337A7}"
EndProject
Project("{8BC9CEB8-8B4A-11D0-8D11-00A0C91BC942}") = "nccl.11.7", "nccl.11.7.vcxproj", "{D9338055-1841-4D50-8C8F-8822F68E1D98}"
EndProject
Project("{8BC9CEB8-8B4A-11D0-8D11-00A0C91BC942}") = "nccl.11.8", "nccl.11.8.vcxproj", "{03C6518C-7AEC-4A44-9EF2-AC059D675C33}"
EndProject
Project("{8BC9CEB8-8B4A-11D0-8D11-00A0C91BC942}") = "nccl.12.0", "nccl.12.0.vcxproj", "{1C7D0D0C-AFAC-43B3-A2F5-2029A31C3C51}"
EndProject
Project("{8BC9CEB8-8B4A-11D0-8D11-00A0C91BC942}") = "nccl.12.1", "nccl.12.1.vcxproj", "{26707E33-234F-479F-82F4-8286DCD9B288}"
EndProject
Project("{8BC9CEB8-8B4A-11D0-8D11-00A0C91BC942}") = "nccl.12.2", "nccl.12.2.vcxproj", "{CB9E386A-DC8C-4276-AEF7-A7ACBA92ED3F}"
EndProject
Project("{2150E333-8FDC-42A3-9474-1A3956D46DE8}") = "tests", "tests", "{8E991C87-F329-483A-BA80-A9E01A17569F}"
EndProject
Project("{8BC9CEB8-8B4A-11D0-8D11-00A0C91BC942}") = "all_gather_scan", "test\single\all_gather_scan.vcxproj", "{42354703-B68F-4F53-A0D0-EB593A5BE0B5}"
	ProjectSection(ProjectDependencies) = postProject
		{D9338055-1841-4D50-8C8F-8822F68E1D98} = {D9338055-1841-4D50-8C8F-8822F68E1D98}
	EndProjectSection
EndProject
Project("{8BC9CEB8-8B4A-11D0-8D11-00A0C91BC942}") = "all_gather_test", "test\single\all_gather_test.vcxproj", "{6873B553-B8A0-4FC9-A311-0F2CEC42E27C}"
	ProjectSection(ProjectDependencies) = postProject
		{D9338055-1841-4D50-8C8F-8822F68E1D98} = {D9338055-1841-4D50-8C8F-8822F68E1D98}
	EndProjectSection
EndProject
Project("{8BC9CEB8-8B4A-11D0-8D11-00A0C91BC942}") = "all_reduce_scan", "test\single\all_reduce_scan.vcxproj", "{328A4E82-15C3-4D61-9CFF-16B680BAA8F2}"
	ProjectSection(ProjectDependencies) = postProject
		{D9338055-1841-4D50-8C8F-8822F68E1D98} = {D9338055-1841-4D50-8C8F-8822F68E1D98}
	EndProjectSection
EndProject
Project("{8BC9CEB8-8B4A-11D0-8D11-00A0C91BC942}") = "all_reduce_test", "test\single\all_reduce_test.vcxproj", "{4A36BFC9-207C-4475-AE88-57F9D3D6486B}"
	ProjectSection(ProjectDependencies) = postProject
		{D9338055-1841-4D50-8C8F-8822F68E1D98} = {D9338055-1841-4D50-8C8F-8822F68E1D98}
	EndProjectSection
EndProject
Project("{8BC9CEB8-8B4A-11D0-8D11-00A0C91BC942}") = "broadcast_scan", "test\single\broadcast_scan.vcxproj", "{F4F31EF2-A917-44CC-845F-7F330E6D6499}"
	ProjectSection(ProjectDependencies) = postProject
		{D9338055-1841-4D50-8C8F-8822F68E1D98} = {D9338055-1841-4D50-8C8F-8822F68E1D98}
	EndProjectSection
EndProject
Project("{8BC9CEB8-8B4A-11D0-8D11-00A0C91BC942}") = "broadcast_test", "test\single\broadcast_test.vcxproj", "{D263029B-3B35-42D4-9A02-2D002AFB0B28}"
	ProjectSection(ProjectDependencies) = postProject
		{D9338055-1841-4D50-8C8F-8822F68E1D98} = {D9338055-1841-4D50-8C8F-8822F68E1D98}
	EndProjectSection
EndProject
Project("{8BC9CEB8-8B4A-11D0-8D11-00A0C91BC942}") = "reduce_scan", "test\single\reduce_scan.vcxproj", "{272DAAAA-05D4-4A91-BDAC-8A10936EDF29}"
	ProjectSection(ProjectDependencies) = postProject
		{D9338055-1841-4D50-8C8F-8822F68E1D98} = {D9338055-1841-4D50-8C8F-8822F68E1D98}
	EndProjectSection
EndProject
Project("{8BC9CEB8-8B4A-11D0-8D11-00A0C91BC942}") = "reduce_scatter_scan", "test\single\reduce_scatter_scan.vcxproj", "{16FAB97B-DDE2-4A96-8FDB-17E5FDE04B24}"
	ProjectSection(ProjectDependencies) = postProject
		{D9338055-1841-4D50-8C8F-8822F68E1D98} = {D9338055-1841-4D50-8C8F-8822F68E1D98}
	EndProjectSection
EndProject
Project("{8BC9CEB8-8B4A-11D0-8D11-00A0C91BC942}") = "reduce_scatter_test", "test\single\reduce_scatter_test.vcxproj", "{D2ECD6EA-9616-4275-A4D8-BC1EC622B48C}"
	ProjectSection(ProjectDependencies) = postProject
		{D9338055-1841-4D50-8C8F-8822F68E1D98} = {D9338055-1841-4D50-8C8F-8822F68E1D98}
	EndProjectSection
EndProject
Project("{8BC9CEB8-8B4A-11D0-8D11-00A0C91BC942}") = "reduce_test", "test\single\reduce_test.vcxproj", "{C219BFC8-7654-4F99-AA62-FA5CAE1CD424}"
	ProjectSection(ProjectDependencies) = postProject
		{D9338055-1841-4D50-8C8F-8822F68E1D98} = {D9338055-1841-4D50-8C8F-8822F68E1D98}
	EndProjectSection
EndProject
Project("{8BC9CEB8-8B4A-11D0-8D11-00A0C91BC942}") = "nccl.12.3", "nccl.12.3.vcxproj", "{50017638-3E46-4A39-9F24-481349ABE3F9}"
EndProject
Global
	GlobalSection(SolutionConfigurationPlatforms) = preSolution
		Debug|x64 = Debug|x64
		Debug|x86 = Debug|x86
		Release|x64 = Release|x64
		Release|x86 = Release|x86
	EndGlobalSection
	GlobalSection(ProjectConfigurationPlatforms) = postSolution
		{04E6B3CF-D1AA-47A9-9503-2BE6275337A7}.Debug|x64.ActiveCfg = Debug|x64
		{04E6B3CF-D1AA-47A9-9503-2BE6275337A7}.Debug|x64.Build.0 = Debug|x64
		{04E6B3CF-D1AA-47A9-9503-2BE6275337A7}.Debug|x86.ActiveCfg = Debug|x64
		{04E6B3CF-D1AA-47A9-9503-2BE6275337A7}.Debug|x86.Build.0 = Debug|x64
		{04E6B3CF-D1AA-47A9-9503-2BE6275337A7}.Release|x64.ActiveCfg = Release|x64
		{04E6B3CF-D1AA-47A9-9503-2BE6275337A7}.Release|x64.Build.0 = Release|x64
		{04E6B3CF-D1AA-47A9-9503-2BE6275337A7}.Release|x86.ActiveCfg = Release|x64
		{04E6B3CF-D1AA-47A9-9503-2BE6275337A7}.Release|x86.Build.0 = Release|x64
		{D9338055-1841-4D50-8C8F-8822F68E1D98}.Debug|x64.ActiveCfg = Debug|x64
		{D9338055-1841-4D50-8C8F-8822F68E1D98}.Debug|x64.Build.0 = Debug|x64
		{D9338055-1841-4D50-8C8F-8822F68E1D98}.Debug|x86.ActiveCfg = Debug|x64
		{D9338055-1841-4D50-8C8F-8822F68E1D98}.Debug|x86.Build.0 = Debug|x64
		{D9338055-1841-4D50-8C8F-8822F68E1D98}.Release|x64.ActiveCfg = Release|x64
		{D9338055-1841-4D50-8C8F-8822F68E1D98}.Release|x64.Build.0 = Release|x64
		{D9338055-1841-4D50-8C8F-8822F68E1D98}.Release|x86.ActiveCfg = Release|x64
		{D9338055-1841-4D50-8C8F-8822F68E1D98}.Release|x86.Build.0 = Release|x64
		{03C6518C-7AEC-4A44-9EF2-AC059D675C33}.Debug|x64.ActiveCfg = Debug|x64
		{03C6518C-7AEC-4A44-9EF2-AC059D675C33}.Debug|x64.Build.0 = Debug|x64
		{03C6518C-7AEC-4A44-9EF2-AC059D675C33}.Debug|x86.ActiveCfg = Debug|x64
		{03C6518C-7AEC-4A44-9EF2-AC059D675C33}.Debug|x86.Build.0 = Debug|x64
		{03C6518C-7AEC-4A44-9EF2-AC059D675C33}.Release|x64.ActiveCfg = Release|x64
		{03C6518C-7AEC-4A44-9EF2-AC059D675C33}.Release|x64.Build.0 = Release|x64
		{03C6518C-7AEC-4A44-9EF2-AC059D675C33}.Release|x86.ActiveCfg = Release|x64
		{03C6518C-7AEC-4A44-9EF2-AC059D675C33}.Release|x86.Build.0 = Release|x64
		{1C7D0D0C-AFAC-43B3-A2F5-2029A31C3C51}.Debug|x64.ActiveCfg = Debug|x64
		{1C7D0D0C-AFAC-43B3-A2F5-2029A31C3C51}.Debug|x64.Build.0 = Debug|x64
		{1C7D0D0C-AFAC-43B3-A2F5-2029A31C3C51}.Debug|x86.ActiveCfg = Debug|x64
		{1C7D0D0C-AFAC-43B3-A2F5-2029A31C3C51}.Debug|x86.Build.0 = Debug|x64
		{1C7D0D0C-AFAC-43B3-A2F5-2029A31C3C51}.Release|x64.ActiveCfg = Release|x64
		{1C7D0D0C-AFAC-43B3-A2F5-2029A31C3C51}.Release|x64.Build.0 = Release|x64
		{1C7D0D0C-AFAC-43B3-A2F5-2029A31C3C51}.Release|x86.ActiveCfg = Release|x64
		{1C7D0D0C-AFAC-43B3-A2F5-2029A31C3C51}.Release|x86.Build.0 = Release|x64
		{26707E33-234F-479F-82F4-8286DCD9B288}.Debug|x64.ActiveCfg = Debug|x64
		{26707E33-234F-479F-82F4-8286DCD9B288}.Debug|x64.Build.0 = Debug|x64
		{26707E33-234F-479F-82F4-8286DCD9B288}.Debug|x86.ActiveCfg = Debug|x64
		{26707E33-234F-479F-82F4-8286DCD9B288}.Debug|x86.Build.0 = Debug|x64
		{26707E33-234F-479F-82F4-8286DCD9B288}.Release|x64.ActiveCfg = Release|x64
		{26707E33-234F-479F-82F4-8286DCD9B288}.Release|x64.Build.0 = Release|x64
		{26707E33-234F-479F-82F4-8286DCD9B288}.Release|x86.ActiveCfg = Release|x64
		{26707E33-234F-479F-82F4-8286DCD9B288}.Release|x86.Build.0 = Release|x64
		{CB9E386A-DC8C-4276-AEF7-A7ACBA92ED3F}.Debug|x64.ActiveCfg = Debug|x64
		{CB9E386A-DC8C-4276-AEF7-A7ACBA92ED3F}.Debug|x64.Build.0 = Debug|x64
		{CB9E386A-DC8C-4276-AEF7-A7ACBA92ED3F}.Debug|x86.ActiveCfg = Debug|x64
		{CB9E386A-DC8C-4276-AEF7-A7ACBA92ED3F}.Debug|x86.Build.0 = Debug|x64
		{CB9E386A-DC8C-4276-AEF7-A7ACBA92ED3F}.Release|x64.ActiveCfg = Release|x64
		{CB9E386A-DC8C-4276-AEF7-A7ACBA92ED3F}.Release|x64.Build.0 = Release|x64
		{CB9E386A-DC8C-4276-AEF7-A7ACBA92ED3F}.Release|x86.ActiveCfg = Release|x64
		{CB9E386A-DC8C-4276-AEF7-A7ACBA92ED3F}.Release|x86.Build.0 = Release|x64
		{42354703-B68F-4F53-A0D0-EB593A5BE0B5}.Debug|x64.ActiveCfg = Debug|x64
		{42354703-B68F-4F53-A0D0-EB593A5BE0B5}.Debug|x64.Build.0 = Debug|x64
		{42354703-B68F-4F53-A0D0-EB593A5BE0B5}.Debug|x86.ActiveCfg = Debug|Win32
		{42354703-B68F-4F53-A0D0-EB593A5BE0B5}.Debug|x86.Build.0 = Debug|Win32
		{42354703-B68F-4F53-A0D0-EB593A5BE0B5}.Release|x64.ActiveCfg = Release|x64
		{42354703-B68F-4F53-A0D0-EB593A5BE0B5}.Release|x64.Build.0 = Release|x64
		{42354703-B68F-4F53-A0D0-EB593A5BE0B5}.Release|x86.ActiveCfg = Release|Win32
		{42354703-B68F-4F53-A0D0-EB593A5BE0B5}.Release|x86.Build.0 = Release|Win32
		{6873B553-B8A0-4FC9-A311-0F2CEC42E27C}.Debug|x64.ActiveCfg = Debug|x64
		{6873B553-B8A0-4FC9-A311-0F2CEC42E27C}.Debug|x64.Build.0 = Debug|x64
		{6873B553-B8A0-4FC9-A311-0F2CEC42E27C}.Debug|x86.ActiveCfg = Debug|Win32
		{6873B553-B8A0-4FC9-A311-0F2CEC42E27C}.Debug|x86.Build.0 = Debug|Win32
		{6873B553-B8A0-4FC9-A311-0F2CEC42E27C}.Release|x64.ActiveCfg = Release|x64
		{6873B553-B8A0-4FC9-A311-0F2CEC42E27C}.Release|x64.Build.0 = Release|x64
		{6873B553-B8A0-4FC9-A311-0F2CEC42E27C}.Release|x86.ActiveCfg = Release|Win32
		{6873B553-B8A0-4FC9-A311-0F2CEC42E27C}.Release|x86.Build.0 = Release|Win32
		{328A4E82-15C3-4D61-9CFF-16B680BAA8F2}.Debug|x64.ActiveCfg = Debug|x64
		{328A4E82-15C3-4D61-9CFF-16B680BAA8F2}.Debug|x64.Build.0 = Debug|x64
		{328A4E82-15C3-4D61-9CFF-16B680BAA8F2}.Debug|x86.ActiveCfg = Debug|Win32
		{328A4E82-15C3-4D61-9CFF-16B680BAA8F2}.Debug|x86.Build.0 = Debug|Win32
		{328A4E82-15C3-4D61-9CFF-16B680BAA8F2}.Release|x64.ActiveCfg = Release|x64
		{328A4E82-15C3-4D61-9CFF-16B680BAA8F2}.Release|x64.Build.0 = Release|x64
		{328A4E82-15C3-4D61-9CFF-16B680BAA8F2}.Release|x86.ActiveCfg = Release|Win32
		{328A4E82-15C3-4D61-9CFF-16B680BAA8F2}.Release|x86.Build.0 = Release|Win32
		{4A36BFC9-207C-4475-AE88-57F9D3D6486B}.Debug|x64.ActiveCfg = Debug|x64
		{4A36BFC9-207C-4475-AE88-57F9D3D6486B}.Debug|x64.Build.0 = Debug|x64
		{4A36BFC9-207C-4475-AE88-57F9D3D6486B}.Debug|x86.ActiveCfg = Debug|Win32
		{4A36BFC9-207C-4475-AE88-57F9D3D6486B}.Debug|x86.Build.0 = Debug|Win32
		{4A36BFC9-207C-4475-AE88-57F9D3D6486B}.Release|x64.ActiveCfg = Release|x64
		{4A36BFC9-207C-4475-AE88-57F9D3D6486B}.Release|x64.Build.0 = Release|x64
		{4A36BFC9-207C-4475-AE88-57F9D3D6486B}.Release|x86.ActiveCfg = Release|Win32
		{4A36BFC9-207C-4475-AE88-57F9D3D6486B}.Release|x86.Build.0 = Release|Win32
		{F4F31EF2-A917-44CC-845F-7F330E6D6499}.Debug|x64.ActiveCfg = Debug|x64
		{F4F31EF2-A917-44CC-845F-7F330E6D6499}.Debug|x64.Build.0 = Debug|x64
		{F4F31EF2-A917-44CC-845F-7F330E6D6499}.Debug|x86.ActiveCfg = Debug|Win32
		{F4F31EF2-A917-44CC-845F-7F330E6D6499}.Debug|x86.Build.0 = Debug|Win32
		{F4F31EF2-A917-44CC-845F-7F330E6D6499}.Release|x64.ActiveCfg = Release|x64
		{F4F31EF2-A917-44CC-845F-7F330E6D6499}.Release|x64.Build.0 = Release|x64
		{F4F31EF2-A917-44CC-845F-7F330E6D6499}.Release|x86.ActiveCfg = Release|Win32
		{F4F31EF2-A917-44CC-845F-7F330E6D6499}.Release|x86.Build.0 = Release|Win32
		{D263029B-3B35-42D4-9A02-2D002AFB0B28}.Debug|x64.ActiveCfg = Debug|x64
		{D263029B-3B35-42D4-9A02-2D002AFB0B28}.Debug|x64.Build.0 = Debug|x64
		{D263029B-3B35-42D4-9A02-2D002AFB0B28}.Debug|x86.ActiveCfg = Debug|Win32
		{D263029B-3B35-42D4-9A02-2D002AFB0B28}.Debug|x86.Build.0 = Debug|Win32
		{D263029B-3B35-42D4-9A02-2D002AFB0B28}.Release|x64.ActiveCfg = Release|x64
		{D263029B-3B35-42D4-9A02-2D002AFB0B28}.Release|x64.Build.0 = Release|x64
		{D263029B-3B35-42D4-9A02-2D002AFB0B28}.Release|x86.ActiveCfg = Release|Win32
		{D263029B-3B35-42D4-9A02-2D002AFB0B28}.Release|x86.Build.0 = Release|Win32
		{272DAAAA-05D4-4A91-BDAC-8A10936EDF29}.Debug|x64.ActiveCfg = Debug|x64
		{272DAAAA-05D4-4A91-BDAC-8A10936EDF29}.Debug|x64.Build.0 = Debug|x64
		{272DAAAA-05D4-4A91-BDAC-8A10936EDF29}.Debug|x86.ActiveCfg = Debug|Win32
		{272DAAAA-05D4-4A91-BDAC-8A10936EDF29}.Debug|x86.Build.0 = Debug|Win32
		{272DAAAA-05D4-4A91-BDAC-8A10936EDF29}.Release|x64.ActiveCfg = Release|x64
		{272DAAAA-05D4-4A91-BDAC-8A10936EDF29}.Release|x64.Build.0 = Release|x64
		{272DAAAA-05D4-4A91-BDAC-8A10936EDF29}.Release|x86.ActiveCfg = Release|Win32
		{272DAAAA-05D4-4A91-BDAC-8A10936EDF29}.Release|x86.Build.0 = Release|Win32
		{16FAB97B-DDE2-4A96-8FDB-17E5FDE04B24}.Debug|x64.ActiveCfg = Debug|x64
		{16FAB97B-DDE2-4A96-8FDB-17E5FDE04B24}.Debug|x64.Build.0 = Debug|x64
		{16FAB97B-DDE2-4A96-8FDB-17E5FDE04B24}.Debug|x86.ActiveCfg = Debug|Win32
		{16FAB97B-DDE2-4A96-8FDB-17E5FDE04B24}.Debug|x86.Build.0 = Debug|Win32
		{16FAB97B-DDE2-4A96-8FDB-17E5FDE04B24}.Release|x64.ActiveCfg = Release|x64
		{16FAB97B-DDE2-4A96-8FDB-17E5FDE04B24}.Release|x64.Build.0 = Release|x64
		{16FAB97B-DDE2-4A96-8FDB-17E5FDE04B24}.Release|x86.ActiveCfg = Release|Win32
		{16FAB97B-DDE2-4A96-8FDB-17E5FDE04B24}.Release|x86.Build.0 = Release|Win32
		{D2ECD6EA-9616-4275-A4D8-BC1EC622B48C}.Debug|x64.ActiveCfg = Debug|x64
		{D2ECD6EA-9616-4275-A4D8-BC1EC622B48C}.Debug|x64.Build.0 = Debug|x64
		{D2ECD6EA-9616-4275-A4D8-BC1EC622B48C}.Debug|x86.ActiveCfg = Debug|Win32
		{D2ECD6EA-9616-4275-A4D8-BC1EC622B48C}.Debug|x86.Build.0 = Debug|Win32
		{D2ECD6EA-9616-4275-A4D8-BC1EC622B48C}.Release|x64.ActiveCfg = Release|x64
		{D2ECD6EA-9616-4275-A4D8-BC1EC622B48C}.Release|x64.Build.0 = Release|x64
		{D2ECD6EA-9616-4275-A4D8-BC1EC622B48C}.Release|x86.ActiveCfg = Release|Win32
		{D2ECD6EA-9616-4275-A4D8-BC1EC622B48C}.Release|x86.Build.0 = Release|Win32
		{C219BFC8-7654-4F99-AA62-FA5CAE1CD424}.Debug|x64.ActiveCfg = Debug|x64
		{C219BFC8-7654-4F99-AA62-FA5CAE1CD424}.Debug|x64.Build.0 = Debug|x64
		{C219BFC8-7654-4F99-AA62-FA5CAE1CD424}.Debug|x86.ActiveCfg = Debug|Win32
		{C219BFC8-7654-4F99-AA62-FA5CAE1CD424}.Debug|x86.Build.0 = Debug|Win32
		{C219BFC8-7654-4F99-AA62-FA5CAE1CD424}.Release|x64.ActiveCfg = Release|x64
		{C219BFC8-7654-4F99-AA62-FA5CAE1CD424}.Release|x64.Build.0 = Release|x64
		{C219BFC8-7654-4F99-AA62-FA5CAE1CD424}.Release|x86.ActiveCfg = Release|Win32
		{C219BFC8-7654-4F99-AA62-FA5CAE1CD424}.Release|x86.Build.0 = Release|Win32
		{50017638-3E46-4A39-9F24-481349ABE3F9}.Debug|x64.ActiveCfg = Debug|x64
		{50017638-3E46-4A39-9F24-481349ABE3F9}.Debug|x64.Build.0 = Debug|x64
		{50017638-3E46-4A39-9F24-481349ABE3F9}.Debug|x86.ActiveCfg = Debug|x64
		{50017638-3E46-4A39-9F24-481349ABE3F9}.Debug|x86.Build.0 = Debug|x64
		{50017638-3E46-4A39-9F24-481349ABE3F9}.Release|x64.ActiveCfg = Release|x64
		{50017638-3E46-4A39-9F24-481349ABE3F9}.Release|x64.Build.0 = Release|x64
		{50017638-3E46-4A39-9F24-481349ABE3F9}.Release|x86.ActiveCfg = Release|x64
		{50017638-3E46-4A39-9F24-481349ABE3F9}.Release|x86.Build.0 = Release|x64
	EndGlobalSection
	GlobalSection(SolutionProperties) = preSolution
		HideSolutionNode = FALSE
	EndGlobalSection
	GlobalSection(NestedProjects) = preSolution
		{42354703-B68F-4F53-A0D0-EB593A5BE0B5} = {8E991C87-F329-483A-BA80-A9E01A17569F}
		{6873B553-B8A0-4FC9-A311-0F2CEC42E27C} = {8E991C87-F329-483A-BA80-A9E01A17569F}
		{328A4E82-15C3-4D61-9CFF-16B680BAA8F2} = {8E991C87-F329-483A-BA80-A9E01A17569F}
		{4A36BFC9-207C-4475-AE88-57F9D3D6486B} = {8E991C87-F329-483A-BA80-A9E01A17569F}
		{F4F31EF2-A917-44CC-845F-7F330E6D6499} = {8E991C87-F329-483A-BA80-A9E01A17569F}
		{D263029B-3B35-42D4-9A02-2D002AFB0B28} = {8E991C87-F329-483A-BA80-A9E01A17569F}
		{272DAAAA-05D4-4A91-BDAC-8A10936EDF29} = {8E991C87-F329-483A-BA80-A9E01A17569F}
		{16FAB97B-DDE2-4A96-8FDB-17E5FDE04B24} = {8E991C87-F329-483A-BA80-A9E01A17569F}
		{D2ECD6EA-9616-4275-A4D8-BC1EC622B48C} = {8E991C87-F329-483A-BA80-A9E01A17569F}
		{C219BFC8-7654-4F99-AA62-FA5CAE1CD424} = {8E991C87-F329-483A-BA80-A9E01A17569F}
	EndGlobalSection
	GlobalSection(ExtensibilityGlobals) = postSolution
		SolutionGuid = {F75EBF60-11CF-40E1-A0EC-16FBEA1AFF5D}
	EndGlobalSection
EndGlobal
